
Microsoft Visual Studio Solution File, Format Version 12.00
# Visual Studio Version 17
VisualStudioVersion = 17.10.34928.147
MinimumVisualStudioVersion = 10.0.40219.1
Project("{2150E333-8FDC-42A3-9474-1A3956D46DE8}") = "01-IsNumberOddrNot", "01-IsNumberOddrNot", "{2CDE7858-DED8-44A4-B56C-025EC47EFA86}"
EndProject
Project("{FAE04EC0-301F-11D3-BF4B-00C04F79EFBC}") = "IsNumberOddrNot", "IsNumberOddrNot\IsNumberOddrNot.csproj", "{14A06E84-D832-4A27-AFE8-5F6D21D32200}"
EndProject
Global
	GlobalSection(SolutionConfigurationPlatforms) = preSolution
		Debug|Any CPU = Debug|Any CPU
		Release|Any CPU = Release|Any CPU
	EndGlobalSection
	GlobalSection(ProjectConfigurationPlatforms) = postSolution
		{14A06E84-D832-4A27-AFE8-5F6D21D32200}.Debug|Any CPU.ActiveCfg = Debug|Any CPU
		{14A06E84-D832-4A27-AFE8-5F6D21D32200}.Debug|Any CPU.Build.0 = Debug|Any CPU
		{14A06E84-D832-4A27-AFE8-5F6D21D32200}.Release|Any CPU.ActiveCfg = Release|Any CPU
		{14A06E84-D832-4A27-AFE8-5F6D21D32200}.Release|Any CPU.Build.0 = Release|Any CPU
	EndGlobalSection
	GlobalSection(SolutionProperties) = preSolution
		HideSolutionNode = FALSE
	EndGlobalSection
	GlobalSection(NestedProjects) = preSolution
		{14A06E84-D832-4A27-AFE8-5F6D21D32200} = {2CDE7858-DED8-44A4-B56C-025EC47EFA86}
	EndGlobalSection
	GlobalSection(ExtensibilityGlobals) = postSolution
		SolutionGuid = {56E357B4-FD1F-4BFD-8F5A-C2BBA9549D25}
	EndGlobalSection
EndGlobal
